
Microsoft Visual Studio Solution File, Format Version 12.00
# Visual Studio Version 16
VisualStudioVersion = 16.0.31005.135
MinimumVisualStudioVersion = 10.0.40219.1
Project("{9A19103F-16F7-4668-BE54-9A1E7A4F7556}") = "GameAPI", "GameAPI\GameAPI.csproj", "{3039701F-3AC9-40D8-ACAE-FC326D892BA0}"
EndProject
Project("{9A19103F-16F7-4668-BE54-9A1E7A4F7556}") = "DataAccess", "DataAccess\DataAccess.csproj", "{579D6708-A479-4FAA-B57C-9EEE0B36EC27}"
EndProject
Project("{9A19103F-16F7-4668-BE54-9A1E7A4F7556}") = "Tests", "UnitTests\Tests.csproj", "{C025404B-08C0-4457-8FB5-F894ED9A4627}"
EndProject
Project("{9A19103F-16F7-4668-BE54-9A1E7A4F7556}") = "Business", "Business\Business.csproj", "{1A50586D-8D19-4C3F-990E-D04D4DF4FFEF}"
EndProject
Global
	GlobalSection(SolutionConfigurationPlatforms) = preSolution
		Debug|Any CPU = Debug|Any CPU
		Release|Any CPU = Release|Any CPU
	EndGlobalSection
	GlobalSection(ProjectConfigurationPlatforms) = postSolution
		{3039701F-3AC9-40D8-ACAE-FC326D892BA0}.Debug|Any CPU.ActiveCfg = Debug|Any CPU
		{3039701F-3AC9-40D8-ACAE-FC326D892BA0}.Debug|Any CPU.Build.0 = Debug|Any CPU
		{3039701F-3AC9-40D8-ACAE-FC326D892BA0}.Release|Any CPU.ActiveCfg = Release|Any CPU
		{3039701F-3AC9-40D8-ACAE-FC326D892BA0}.Release|Any CPU.Build.0 = Release|Any CPU
		{579D6708-A479-4FAA-B57C-9EEE0B36EC27}.Debug|Any CPU.ActiveCfg = Debug|Any CPU
		{579D6708-A479-4FAA-B57C-9EEE0B36EC27}.Debug|Any CPU.Build.0 = Debug|Any CPU
		{579D6708-A479-4FAA-B57C-9EEE0B36EC27}.Release|Any CPU.ActiveCfg = Release|Any CPU
		{579D6708-A479-4FAA-B57C-9EEE0B36EC27}.Release|Any CPU.Build.0 = Release|Any CPU
		{C025404B-08C0-4457-8FB5-F894ED9A4627}.Debug|Any CPU.ActiveCfg = Debug|Any CPU
		{C025404B-08C0-4457-8FB5-F894ED9A4627}.Debug|Any CPU.Build.0 = Debug|Any CPU
		{C025404B-08C0-4457-8FB5-F894ED9A4627}.Release|Any CPU.ActiveCfg = Release|Any CPU
		{C025404B-08C0-4457-8FB5-F894ED9A4627}.Release|Any CPU.Build.0 = Release|Any CPU
		{1A50586D-8D19-4C3F-990E-D04D4DF4FFEF}.Debug|Any CPU.ActiveCfg = Debug|Any CPU
		{1A50586D-8D19-4C3F-990E-D04D4DF4FFEF}.Debug|Any CPU.Build.0 = Debug|Any CPU
		{1A50586D-8D19-4C3F-990E-D04D4DF4FFEF}.Release|Any CPU.ActiveCfg = Release|Any CPU
		{1A50586D-8D19-4C3F-990E-D04D4DF4FFEF}.Release|Any CPU.Build.0 = Release|Any CPU
	EndGlobalSection
	GlobalSection(SolutionProperties) = preSolution
		HideSolutionNode = FALSE
	EndGlobalSection
	GlobalSection(ExtensibilityGlobals) = postSolution
		SolutionGuid = {DFF39F02-1DAE-42E4-9334-B3064E51347E}
	EndGlobalSection
EndGlobal
